// !$*UTF8*$!
{
	archiveVersion = 1;
	classes = {
	};
	objectVersion = 56;
	objects = {

/* Begin PBXBuildFile section */
		1AA992A966662B60AD45B5DE /* Pods_SimpleLedger.framework in Frameworks */ = {isa = PBXBuildFile; fileRef = 9F47AB6998C064104959C9EE /* Pods_SimpleLedger.framework */; };
		515624BF2B20407A00014F41 /* TagModel.swift in Sources */ = {isa = PBXBuildFile; fileRef = 515624BE2B20407A00014F41 /* TagModel.swift */; };
		515624C12B20411300014F41 /* TagViewModel.swift in Sources */ = {isa = PBXBuildFile; fileRef = 515624C02B20411300014F41 /* TagViewModel.swift */; };
		515624C32B20519B00014F41 /* LedgerModel.swift in Sources */ = {isa = PBXBuildFile; fileRef = 515624C22B20519B00014F41 /* LedgerModel.swift */; };
		515624C52B2051EA00014F41 /* LedgerViewModel.swift in Sources */ = {isa = PBXBuildFile; fileRef = 515624C42B2051EA00014F41 /* LedgerViewModel.swift */; };
		518E00BE2B200052002226F0 /* SimpleLedgerApp.swift in Sources */ = {isa = PBXBuildFile; fileRef = 518E00BD2B200052002226F0 /* SimpleLedgerApp.swift */; };
		518E00C02B200052002226F0 /* ContentView.swift in Sources */ = {isa = PBXBuildFile; fileRef = 518E00BF2B200052002226F0 /* ContentView.swift */; };
		518E00C22B200055002226F0 /* Assets.xcassets in Resources */ = {isa = PBXBuildFile; fileRef = 518E00C12B200055002226F0 /* Assets.xcassets */; };
		518E00C52B200055002226F0 /* Preview Assets.xcassets in Resources */ = {isa = PBXBuildFile; fileRef = 518E00C42B200055002226F0 /* Preview Assets.xcassets */; };
		518E00D12B200B22002226F0 /* CalendarView.swift in Sources */ = {isa = PBXBuildFile; fileRef = 518E00D02B200B22002226F0 /* CalendarView.swift */; };
		518E00D32B200B42002226F0 /* ChartView.swift in Sources */ = {isa = PBXBuildFile; fileRef = 518E00D22B200B42002226F0 /* ChartView.swift */; };
		518E00D52B200B93002226F0 /* TagView.swift in Sources */ = {isa = PBXBuildFile; fileRef = 518E00D42B200B93002226F0 /* TagView.swift */; };
		518E00D72B200F2F002226F0 /* FSCalendarRepresentable.swift in Sources */ = {isa = PBXBuildFile; fileRef = 518E00D62B200F2F002226F0 /* FSCalendarRepresentable.swift */; };
		5196DF372B24062B00E09C30 /* DateHelper.swift in Sources */ = {isa = PBXBuildFile; fileRef = 5196DF362B24062B00E09C30 /* DateHelper.swift */; };
		5196DF3C2B25DED200E09C30 /* CustomFSCalendarCell.swift in Sources */ = {isa = PBXBuildFile; fileRef = 5196DF3B2B25DED200E09C30 /* CustomFSCalendarCell.swift */; };
		5196DF402B269C2E00E09C30 /* SharedDateModel.swift in Sources */ = {isa = PBXBuildFile; fileRef = 5196DF3F2B269C2E00E09C30 /* SharedDateModel.swift */; };
		5196DF482B27484200E09C30 /* Persistence.swift in Sources */ = {isa = PBXBuildFile; fileRef = 5196DF472B27484200E09C30 /* Persistence.swift */; };
		51AB2F462B28355F00BCBB67 /* UIColorHelper.swift in Sources */ = {isa = PBXBuildFile; fileRef = 51AB2F452B28355F00BCBB67 /* UIColorHelper.swift */; };
		51AB2F502B283D0E00BCBB67 /* LedgerEntryMO+CoreDataClass.swift in Sources */ = {isa = PBXBuildFile; fileRef = 51AB2F4F2B283D0E00BCBB67 /* LedgerEntryMO+CoreDataClass.swift */; };
		51AB2F522B283D1400BCBB67 /* LedgerEntryMO+CoreDataProperties.swift in Sources */ = {isa = PBXBuildFile; fileRef = 51AB2F512B283D1400BCBB67 /* LedgerEntryMO+CoreDataProperties.swift */; };
		51AB2F542B283D1800BCBB67 /* TagEntryMo+CoreDataClass.swift in Sources */ = {isa = PBXBuildFile; fileRef = 51AB2F532B283D1800BCBB67 /* TagEntryMo+CoreDataClass.swift */; };
		51AB2F562B283D1D00BCBB67 /* TagEntryMo+CoreDataProperties.swift in Sources */ = {isa = PBXBuildFile; fileRef = 51AB2F552B283D1D00BCBB67 /* TagEntryMo+CoreDataProperties.swift */; };
		51AB2F592B283D2100BCBB67 /* MyCoreData.xcdatamodeld in Sources */ = {isa = PBXBuildFile; fileRef = 51AB2F572B283D2100BCBB67 /* MyCoreData.xcdatamodeld */; };
/* End PBXBuildFile section */

/* Begin PBXFileReference section */
		21D91256FE4B987D0476767E /* Pods-SimpleLedger.debug.xcconfig */ = {isa = PBXFileReference; includeInIndex = 1; lastKnownFileType = text.xcconfig; name = "Pods-SimpleLedger.debug.xcconfig"; path = "Target Support Files/Pods-SimpleLedger/Pods-SimpleLedger.debug.xcconfig"; sourceTree = "<group>"; };
		515624BE2B20407A00014F41 /* TagModel.swift */ = {isa = PBXFileReference; lastKnownFileType = sourcecode.swift; path = TagModel.swift; sourceTree = "<group>"; };
		515624C02B20411300014F41 /* TagViewModel.swift */ = {isa = PBXFileReference; lastKnownFileType = sourcecode.swift; path = TagViewModel.swift; sourceTree = "<group>"; };
		515624C22B20519B00014F41 /* LedgerModel.swift */ = {isa = PBXFileReference; lastKnownFileType = sourcecode.swift; path = LedgerModel.swift; sourceTree = "<group>"; };
		515624C42B2051EA00014F41 /* LedgerViewModel.swift */ = {isa = PBXFileReference; lastKnownFileType = sourcecode.swift; path = LedgerViewModel.swift; sourceTree = "<group>"; };
		518E00BA2B200052002226F0 /* SimpleLedger.app */ = {isa = PBXFileReference; explicitFileType = wrapper.application; includeInIndex = 0; path = SimpleLedger.app; sourceTree = BUILT_PRODUCTS_DIR; };
		518E00BD2B200052002226F0 /* SimpleLedgerApp.swift */ = {isa = PBXFileReference; lastKnownFileType = sourcecode.swift; path = SimpleLedgerApp.swift; sourceTree = "<group>"; };
		518E00BF2B200052002226F0 /* ContentView.swift */ = {isa = PBXFileReference; lastKnownFileType = sourcecode.swift; path = ContentView.swift; sourceTree = "<group>"; };
		518E00C12B200055002226F0 /* Assets.xcassets */ = {isa = PBXFileReference; lastKnownFileType = folder.assetcatalog; path = Assets.xcassets; sourceTree = "<group>"; };
		518E00C42B200055002226F0 /* Preview Assets.xcassets */ = {isa = PBXFileReference; lastKnownFileType = folder.assetcatalog; path = "Preview Assets.xcassets"; sourceTree = "<group>"; };
		518E00CB2B200813002226F0 /* Info.plist */ = {isa = PBXFileReference; lastKnownFileType = text.plist; path = Info.plist; sourceTree = "<group>"; };
		518E00D02B200B22002226F0 /* CalendarView.swift */ = {isa = PBXFileReference; lastKnownFileType = sourcecode.swift; path = CalendarView.swift; sourceTree = "<group>"; };
		518E00D22B200B42002226F0 /* ChartView.swift */ = {isa = PBXFileReference; lastKnownFileType = sourcecode.swift; path = ChartView.swift; sourceTree = "<group>"; };
		518E00D42B200B93002226F0 /* TagView.swift */ = {isa = PBXFileReference; lastKnownFileType = sourcecode.swift; path = TagView.swift; sourceTree = "<group>"; };
		518E00D62B200F2F002226F0 /* FSCalendarRepresentable.swift */ = {isa = PBXFileReference; lastKnownFileType = sourcecode.swift; path = FSCalendarRepresentable.swift; sourceTree = "<group>"; };
		5196DF362B24062B00E09C30 /* DateHelper.swift */ = {isa = PBXFileReference; lastKnownFileType = sourcecode.swift; path = DateHelper.swift; sourceTree = "<group>"; };
		5196DF382B24084700E09C30 /* SimpleLedger.entitlements */ = {isa = PBXFileReference; lastKnownFileType = text.plist.entitlements; path = SimpleLedger.entitlements; sourceTree = "<group>"; };
		5196DF3B2B25DED200E09C30 /* CustomFSCalendarCell.swift */ = {isa = PBXFileReference; lastKnownFileType = sourcecode.swift; path = CustomFSCalendarCell.swift; sourceTree = "<group>"; };
		5196DF3F2B269C2E00E09C30 /* SharedDateModel.swift */ = {isa = PBXFileReference; lastKnownFileType = sourcecode.swift; path = SharedDateModel.swift; sourceTree = "<group>"; };
		5196DF472B27484200E09C30 /* Persistence.swift */ = {isa = PBXFileReference; lastKnownFileType = sourcecode.swift; path = Persistence.swift; sourceTree = "<group>"; };
		51AB2F452B28355F00BCBB67 /* UIColorHelper.swift */ = {isa = PBXFileReference; lastKnownFileType = sourcecode.swift; path = UIColorHelper.swift; sourceTree = "<group>"; };
		51AB2F4F2B283D0E00BCBB67 /* LedgerEntryMO+CoreDataClass.swift */ = {isa = PBXFileReference; fileEncoding = 4; lastKnownFileType = sourcecode.swift; path = "LedgerEntryMO+CoreDataClass.swift"; sourceTree = "<group>"; };
		51AB2F512B283D1400BCBB67 /* LedgerEntryMO+CoreDataProperties.swift */ = {isa = PBXFileReference; fileEncoding = 4; lastKnownFileType = sourcecode.swift; path = "LedgerEntryMO+CoreDataProperties.swift"; sourceTree = "<group>"; };
		51AB2F532B283D1800BCBB67 /* TagEntryMo+CoreDataClass.swift */ = {isa = PBXFileReference; fileEncoding = 4; lastKnownFileType = sourcecode.swift; path = "TagEntryMo+CoreDataClass.swift"; sourceTree = "<group>"; };
		51AB2F552B283D1D00BCBB67 /* TagEntryMo+CoreDataProperties.swift */ = {isa = PBXFileReference; fileEncoding = 4; lastKnownFileType = sourcecode.swift; path = "TagEntryMo+CoreDataProperties.swift"; sourceTree = "<group>"; };
		51AB2F582B283D2100BCBB67 /* MyCoreData.xcdatamodel */ = {isa = PBXFileReference; lastKnownFileType = wrapper.xcdatamodel; path = MyCoreData.xcdatamodel; sourceTree = "<group>"; };
		9F47AB6998C064104959C9EE /* Pods_SimpleLedger.framework */ = {isa = PBXFileReference; explicitFileType = wrapper.framework; includeInIndex = 0; path = Pods_SimpleLedger.framework; sourceTree = BUILT_PRODUCTS_DIR; };
		AB9123D18E460206E2377712 /* Pods-SimpleLedger.release.xcconfig */ = {isa = PBXFileReference; includeInIndex = 1; lastKnownFileType = text.xcconfig; name = "Pods-SimpleLedger.release.xcconfig"; path = "Target Support Files/Pods-SimpleLedger/Pods-SimpleLedger.release.xcconfig"; sourceTree = "<group>"; };
/* End PBXFileReference section */

/* Begin PBXFrameworksBuildPhase section */
		518E00B72B200052002226F0 /* Frameworks */ = {
			isa = PBXFrameworksBuildPhase;
			buildActionMask = 2147483647;
			files = (
				1AA992A966662B60AD45B5DE /* Pods_SimpleLedger.framework in Frameworks */,
			);
			runOnlyForDeploymentPostprocessing = 0;
		};
/* End PBXFrameworksBuildPhase section */

/* Begin PBXGroup section */
		518E00B12B200052002226F0 = {
			isa = PBXGroup;
			children = (
				518E00BC2B200052002226F0 /* SimpleLedger */,
				518E00BB2B200052002226F0 /* Products */,
				5D330E8A482B47E31FFA0D86 /* Pods */,
				DF76BF1C7FAA84566F9A18A8 /* Frameworks */,
			);
			sourceTree = "<group>";
		};
		518E00BB2B200052002226F0 /* Products */ = {
			isa = PBXGroup;
			children = (
				518E00BA2B200052002226F0 /* SimpleLedger.app */,
			);
			name = Products;
			sourceTree = "<group>";
		};
		518E00BC2B200052002226F0 /* SimpleLedger */ = {
			isa = PBXGroup;
			children = (
				5196DF382B24084700E09C30 /* SimpleLedger.entitlements */,
				518E00CF2B200917002226F0 /* Helpers */,
				518E00CE2B20090B002226F0 /* ViewModels */,
				518E00CD2B200900002226F0 /* Models */,
				518E00CC2B2008F2002226F0 /* Views */,
				518E00CB2B200813002226F0 /* Info.plist */,
				518E00BD2B200052002226F0 /* SimpleLedgerApp.swift */,
				518E00C12B200055002226F0 /* Assets.xcassets */,
				518E00C32B200055002226F0 /* Preview Content */,
				5196DF472B27484200E09C30 /* Persistence.swift */,
			);
			path = SimpleLedger;
			sourceTree = "<group>";
		};
		518E00C32B200055002226F0 /* Preview Content */ = {
			isa = PBXGroup;
			children = (
				518E00C42B200055002226F0 /* Preview Assets.xcassets */,
			);
			path = "Preview Content";
			sourceTree = "<group>";
		};
		518E00CC2B2008F2002226F0 /* Views */ = {
			isa = PBXGroup;
			children = (
				518E00BF2B200052002226F0 /* ContentView.swift */,
				518E00D02B200B22002226F0 /* CalendarView.swift */,
				518E00D22B200B42002226F0 /* ChartView.swift */,
				518E00D42B200B93002226F0 /* TagView.swift */,
				518E00D62B200F2F002226F0 /* FSCalendarRepresentable.swift */,
				5196DF3B2B25DED200E09C30 /* CustomFSCalendarCell.swift */,
			);
			path = Views;
			sourceTree = "<group>";
		};
		518E00CD2B200900002226F0 /* Models */ = {
			isa = PBXGroup;
			children = (
				51AB2F572B283D2100BCBB67 /* MyCoreData.xcdatamodeld */,
				51AB2F552B283D1D00BCBB67 /* TagEntryMo+CoreDataProperties.swift */,
				51AB2F532B283D1800BCBB67 /* TagEntryMo+CoreDataClass.swift */,
				51AB2F512B283D1400BCBB67 /* LedgerEntryMO+CoreDataProperties.swift */,
				51AB2F4F2B283D0E00BCBB67 /* LedgerEntryMO+CoreDataClass.swift */,
				515624BE2B20407A00014F41 /* TagModel.swift */,
				515624C22B20519B00014F41 /* LedgerModel.swift */,
				5196DF3F2B269C2E00E09C30 /* SharedDateModel.swift */,
			);
			path = Models;
			sourceTree = "<group>";
		};
		518E00CE2B20090B002226F0 /* ViewModels */ = {
			isa = PBXGroup;
			children = (
				515624C02B20411300014F41 /* TagViewModel.swift */,
				515624C42B2051EA00014F41 /* LedgerViewModel.swift */,
			);
			path = ViewModels;
			sourceTree = "<group>";
		};
		518E00CF2B200917002226F0 /* Helpers */ = {
			isa = PBXGroup;
			children = (
				5196DF362B24062B00E09C30 /* DateHelper.swift */,
				51AB2F452B28355F00BCBB67 /* UIColorHelper.swift */,
			);
			path = Helpers;
			sourceTree = "<group>";
		};
		5D330E8A482B47E31FFA0D86 /* Pods */ = {
			isa = PBXGroup;
			children = (
				21D91256FE4B987D0476767E /* Pods-SimpleLedger.debug.xcconfig */,
				AB9123D18E460206E2377712 /* Pods-SimpleLedger.release.xcconfig */,
			);
			path = Pods;
			sourceTree = "<group>";
		};
		DF76BF1C7FAA84566F9A18A8 /* Frameworks */ = {
			isa = PBXGroup;
			children = (
				9F47AB6998C064104959C9EE /* Pods_SimpleLedger.framework */,
			);
			name = Frameworks;
			sourceTree = "<group>";
		};
/* End PBXGroup section */

/* Begin PBXNativeTarget section */
		518E00B92B200052002226F0 /* SimpleLedger */ = {
			isa = PBXNativeTarget;
			buildConfigurationList = 518E00C82B200055002226F0 /* Build configuration list for PBXNativeTarget "SimpleLedger" */;
			buildPhases = (
				DCEE1565527D8623220F7F88 /* [CP] Check Pods Manifest.lock */,
				518E00B62B200052002226F0 /* Sources */,
				518E00B72B200052002226F0 /* Frameworks */,
				518E00B82B200052002226F0 /* Resources */,
				7526985A1BB8DDF333F6AE6B /* [CP] Embed Pods Frameworks */,
			);
			buildRules = (
			);
			dependencies = (
			);
			name = SimpleLedger;
			productName = SimpleLedger;
			productReference = 518E00BA2B200052002226F0 /* SimpleLedger.app */;
			productType = "com.apple.product-type.application";
		};
/* End PBXNativeTarget section */

/* Begin PBXProject section */
		518E00B22B200052002226F0 /* Project object */ = {
			isa = PBXProject;
			attributes = {
				BuildIndependentTargetsInParallel = 1;
				LastSwiftUpdateCheck = 1420;
				LastUpgradeCheck = 1420;
				TargetAttributes = {
					518E00B92B200052002226F0 = {
						CreatedOnToolsVersion = 14.2;
					};
				};
			};
			buildConfigurationList = 518E00B52B200052002226F0 /* Build configuration list for PBXProject "SimpleLedger" */;
			compatibilityVersion = "Xcode 14.0";
			developmentRegion = en;
			hasScannedForEncodings = 0;
			knownRegions = (
				en,
				Base,
			);
			mainGroup = 518E00B12B200052002226F0;
			productRefGroup = 518E00BB2B200052002226F0 /* Products */;
			projectDirPath = "";
			projectRoot = "";
			targets = (
				518E00B92B200052002226F0 /* SimpleLedger */,
			);
		};
/* End PBXProject section */

/* Begin PBXResourcesBuildPhase section */
		518E00B82B200052002226F0 /* Resources */ = {
			isa = PBXResourcesBuildPhase;
			buildActionMask = 2147483647;
			files = (
				518E00C52B200055002226F0 /* Preview Assets.xcassets in Resources */,
				518E00C22B200055002226F0 /* Assets.xcassets in Resources */,
			);
			runOnlyForDeploymentPostprocessing = 0;
		};
/* End PBXResourcesBuildPhase section */

/* Begin PBXShellScriptBuildPhase section */
		7526985A1BB8DDF333F6AE6B /* [CP] Embed Pods Frameworks */ = {
			isa = PBXShellScriptBuildPhase;
			buildActionMask = 2147483647;
			files = (
			);
			inputFileListPaths = (
				"${PODS_ROOT}/Target Support Files/Pods-SimpleLedger/Pods-SimpleLedger-frameworks-${CONFIGURATION}-input-files.xcfilelist",
			);
			name = "[CP] Embed Pods Frameworks";
			outputFileListPaths = (
				"${PODS_ROOT}/Target Support Files/Pods-SimpleLedger/Pods-SimpleLedger-frameworks-${CONFIGURATION}-output-files.xcfilelist",
			);
			runOnlyForDeploymentPostprocessing = 0;
			shellPath = /bin/sh;
			shellScript = "\"${PODS_ROOT}/Target Support Files/Pods-SimpleLedger/Pods-SimpleLedger-frameworks.sh\"\n";
			showEnvVarsInLog = 0;
		};
		DCEE1565527D8623220F7F88 /* [CP] Check Pods Manifest.lock */ = {
			isa = PBXShellScriptBuildPhase;
			buildActionMask = 2147483647;
			files = (
			);
			inputFileListPaths = (
			);
			inputPaths = (
				"${PODS_PODFILE_DIR_PATH}/Podfile.lock",
				"${PODS_ROOT}/Manifest.lock",
			);
			name = "[CP] Check Pods Manifest.lock";
			outputFileListPaths = (
			);
			outputPaths = (
				"$(DERIVED_FILE_DIR)/Pods-SimpleLedger-checkManifestLockResult.txt",
			);
			runOnlyForDeploymentPostprocessing = 0;
			shellPath = /bin/sh;
			shellScript = "diff \"${PODS_PODFILE_DIR_PATH}/Podfile.lock\" \"${PODS_ROOT}/Manifest.lock\" > /dev/null\nif [ $? != 0 ] ; then\n    # print error to STDERR\n    echo \"error: The sandbox is not in sync with the Podfile.lock. Run 'pod install' or update your CocoaPods installation.\" >&2\n    exit 1\nfi\n# This output is used by Xcode 'outputs' to avoid re-running this script phase.\necho \"SUCCESS\" > \"${SCRIPT_OUTPUT_FILE_0}\"\n";
			showEnvVarsInLog = 0;
		};
/* End PBXShellScriptBuildPhase section */

/* Begin PBXSourcesBuildPhase section */
		518E00B62B200052002226F0 /* Sources */ = {
			isa = PBXSourcesBuildPhase;
			buildActionMask = 2147483647;
			files = (
				51AB2F542B283D1800BCBB67 /* TagEntryMo+CoreDataClass.swift in Sources */,
				518E00C02B200052002226F0 /* ContentView.swift in Sources */,
				515624C32B20519B00014F41 /* LedgerModel.swift in Sources */,
				515624BF2B20407A00014F41 /* TagModel.swift in Sources */,
				51AB2F522B283D1400BCBB67 /* LedgerEntryMO+CoreDataProperties.swift in Sources */,
				518E00D72B200F2F002226F0 /* FSCalendarRepresentable.swift in Sources */,
				51AB2F462B28355F00BCBB67 /* UIColorHelper.swift in Sources */,
				518E00D52B200B93002226F0 /* TagView.swift in Sources */,
				515624C52B2051EA00014F41 /* LedgerViewModel.swift in Sources */,
				518E00BE2B200052002226F0 /* SimpleLedgerApp.swift in Sources */,
				51AB2F592B283D2100BCBB67 /* MyCoreData.xcdatamodeld in Sources */,
				51AB2F562B283D1D00BCBB67 /* TagEntryMo+CoreDataProperties.swift in Sources */,
				515624C12B20411300014F41 /* TagViewModel.swift in Sources */,
				5196DF482B27484200E09C30 /* Persistence.swift in Sources */,
				51AB2F502B283D0E00BCBB67 /* LedgerEntryMO+CoreDataClass.swift in Sources */,
				518E00D12B200B22002226F0 /* CalendarView.swift in Sources */,
				5196DF372B24062B00E09C30 /* DateHelper.swift in Sources */,
				5196DF402B269C2E00E09C30 /* SharedDateModel.swift in Sources */,
				518E00D32B200B42002226F0 /* ChartView.swift in Sources */,
				5196DF3C2B25DED200E09C30 /* CustomFSCalendarCell.swift in Sources */,
			);
			runOnlyForDeploymentPostprocessing = 0;
		};
/* End PBXSourcesBuildPhase section */

/* Begin XCBuildConfiguration section */
		518E00C62B200055002226F0 /* Debug */ = {
			isa = XCBuildConfiguration;
			buildSettings = {
				ALWAYS_SEARCH_USER_PATHS = NO;
				CLANG_ANALYZER_NONNULL = YES;
				CLANG_ANALYZER_NUMBER_OBJECT_CONVERSION = YES_AGGRESSIVE;
				CLANG_CXX_LANGUAGE_STANDARD = "gnu++20";
				CLANG_ENABLE_MODULES = YES;
				CLANG_ENABLE_OBJC_ARC = YES;
				CLANG_ENABLE_OBJC_WEAK = YES;
				CLANG_WARN_BLOCK_CAPTURE_AUTORELEASING = YES;
				CLANG_WARN_BOOL_CONVERSION = YES;
				CLANG_WARN_COMMA = YES;
				CLANG_WARN_CONSTANT_CONVERSION = YES;
				CLANG_WARN_DEPRECATED_OBJC_IMPLEMENTATIONS = YES;
				CLANG_WARN_DIRECT_OBJC_ISA_USAGE = YES_ERROR;
				CLANG_WARN_DOCUMENTATION_COMMENTS = YES;
				CLANG_WARN_EMPTY_BODY = YES;
				CLANG_WARN_ENUM_CONVERSION = YES;
				CLANG_WARN_INFINITE_RECURSION = YES;
				CLANG_WARN_INT_CONVERSION = YES;
				CLANG_WARN_NON_LITERAL_NULL_CONVERSION = YES;
				CLANG_WARN_OBJC_IMPLICIT_RETAIN_SELF = YES;
				CLANG_WARN_OBJC_LITERAL_CONVERSION = YES;
				CLANG_WARN_OBJC_ROOT_CLASS = YES_ERROR;
				CLANG_WARN_QUOTED_INCLUDE_IN_FRAMEWORK_HEADER = YES;
				CLANG_WARN_RANGE_LOOP_ANALYSIS = YES;
				CLANG_WARN_STRICT_PROTOTYPES = YES;
				CLANG_WARN_SUSPICIOUS_MOVE = YES;
				CLANG_WARN_UNGUARDED_AVAILABILITY = YES_AGGRESSIVE;
				CLANG_WARN_UNREACHABLE_CODE = YES;
				CLANG_WARN__DUPLICATE_METHOD_MATCH = YES;
				COPY_PHASE_STRIP = NO;
				DEBUG_INFORMATION_FORMAT = dwarf;
				ENABLE_STRICT_OBJC_MSGSEND = YES;
				ENABLE_TESTABILITY = YES;
				GCC_C_LANGUAGE_STANDARD = gnu11;
				GCC_DYNAMIC_NO_PIC = NO;
				GCC_NO_COMMON_BLOCKS = YES;
				GCC_OPTIMIZATION_LEVEL = 0;
				GCC_PREPROCESSOR_DEFINITIONS = (
					"DEBUG=1",
					"$(inherited)",
				);
				GCC_WARN_64_TO_32_BIT_CONVERSION = YES;
				GCC_WARN_ABOUT_RETURN_TYPE = YES_ERROR;
				GCC_WARN_UNDECLARED_SELECTOR = YES;
				GCC_WARN_UNINITIALIZED_AUTOS = YES_AGGRESSIVE;
				GCC_WARN_UNUSED_FUNCTION = YES;
				GCC_WARN_UNUSED_VARIABLE = YES;
				IPHONEOS_DEPLOYMENT_TARGET = 16.2;
				MTL_ENABLE_DEBUG_INFO = INCLUDE_SOURCE;
				MTL_FAST_MATH = YES;
				ONLY_ACTIVE_ARCH = YES;
				SDKROOT = iphoneos;
				SWIFT_ACTIVE_COMPILATION_CONDITIONS = DEBUG;
				SWIFT_OPTIMIZATION_LEVEL = "-Onone";
			};
			name = Debug;
		};
		518E00C72B200055002226F0 /* Release */ = {
			isa = XCBuildConfiguration;
			buildSettings = {
				ALWAYS_SEARCH_USER_PATHS = NO;
				CLANG_ANALYZER_NONNULL = YES;
				CLANG_ANALYZER_NUMBER_OBJECT_CONVERSION = YES_AGGRESSIVE;
				CLANG_CXX_LANGUAGE_STANDARD = "gnu++20";
				CLANG_ENABLE_MODULES = YES;
				CLANG_ENABLE_OBJC_ARC = YES;
				CLANG_ENABLE_OBJC_WEAK = YES;
				CLANG_WARN_BLOCK_CAPTURE_AUTORELEASING = YES;
				CLANG_WARN_BOOL_CONVERSION = YES;
				CLANG_WARN_COMMA = YES;
				CLANG_WARN_CONSTANT_CONVERSION = YES;
				CLANG_WARN_DEPRECATED_OBJC_IMPLEMENTATIONS = YES;
				CLANG_WARN_DIRECT_OBJC_ISA_USAGE = YES_ERROR;
				CLANG_WARN_DOCUMENTATION_COMMENTS = YES;
				CLANG_WARN_EMPTY_BODY = YES;
				CLANG_WARN_ENUM_CONVERSION = YES;
				CLANG_WARN_INFINITE_RECURSION = YES;
				CLANG_WARN_INT_CONVERSION = YES;
				CLANG_WARN_NON_LITERAL_NULL_CONVERSION = YES;
				CLANG_WARN_OBJC_IMPLICIT_RETAIN_SELF = YES;
				CLANG_WARN_OBJC_LITERAL_CONVERSION = YES;
				CLANG_WARN_OBJC_ROOT_CLASS = YES_ERROR;
				CLANG_WARN_QUOTED_INCLUDE_IN_FRAMEWORK_HEADER = YES;
				CLANG_WARN_RANGE_LOOP_ANALYSIS = YES;
				CLANG_WARN_STRICT_PROTOTYPES = YES;
				CLANG_WARN_SUSPICIOUS_MOVE = YES;
				CLANG_WARN_UNGUARDED_AVAILABILITY = YES_AGGRESSIVE;
				CLANG_WARN_UNREACHABLE_CODE = YES;
				CLANG_WARN__DUPLICATE_METHOD_MATCH = YES;
				COPY_PHASE_STRIP = NO;
				DEBUG_INFORMATION_FORMAT = "dwarf-with-dsym";
				ENABLE_NS_ASSERTIONS = NO;
				ENABLE_STRICT_OBJC_MSGSEND = YES;
				GCC_C_LANGUAGE_STANDARD = gnu11;
				GCC_NO_COMMON_BLOCKS = YES;
				GCC_WARN_64_TO_32_BIT_CONVERSION = YES;
				GCC_WARN_ABOUT_RETURN_TYPE = YES_ERROR;
				GCC_WARN_UNDECLARED_SELECTOR = YES;
				GCC_WARN_UNINITIALIZED_AUTOS = YES_AGGRESSIVE;
				GCC_WARN_UNUSED_FUNCTION = YES;
				GCC_WARN_UNUSED_VARIABLE = YES;
				IPHONEOS_DEPLOYMENT_TARGET = 16.2;
				MTL_ENABLE_DEBUG_INFO = NO;
				MTL_FAST_MATH = YES;
				SDKROOT = iphoneos;
				SWIFT_COMPILATION_MODE = wholemodule;
				SWIFT_OPTIMIZATION_LEVEL = "-O";
				VALIDATE_PRODUCT = YES;
			};
			name = Release;
		};
		518E00C92B200055002226F0 /* Debug */ = {
			isa = XCBuildConfiguration;
			baseConfigurationReference = 21D91256FE4B987D0476767E /* Pods-SimpleLedger.debug.xcconfig */;
			buildSettings = {
				ASSETCATALOG_COMPILER_APPICON_NAME = AppIcon;
				ASSETCATALOG_COMPILER_GLOBAL_ACCENT_COLOR_NAME = AccentColor;
				CODE_SIGN_ENTITLEMENTS = SimpleLedger/SimpleLedger.entitlements;
				CODE_SIGN_IDENTITY = "Apple Development";
				CODE_SIGN_STYLE = Automatic;
				CURRENT_PROJECT_VERSION = 1;
				DEVELOPMENT_ASSET_PATHS = "\"SimpleLedger/Preview Content\"";
				DEVELOPMENT_TEAM = WQWH45BJP4;
				ENABLE_PREVIEWS = YES;
				GENERATE_INFOPLIST_FILE = YES;
				INFOPLIST_FILE = SimpleLedger/Info.plist;
				INFOPLIST_KEY_UIApplicationSupportsIndirectInputEvents = YES;
				INFOPLIST_KEY_UILaunchScreen_Generation = YES;
				INFOPLIST_KEY_UISupportedInterfaceOrientations_iPad = "UIInterfaceOrientationPortrait UIInterfaceOrientationPortraitUpsideDown UIInterfaceOrientationLandscapeLeft UIInterfaceOrientationLandscapeRight";
				INFOPLIST_KEY_UISupportedInterfaceOrientations_iPhone = "UIInterfaceOrientationPortrait UIInterfaceOrientationLandscapeLeft UIInterfaceOrientationLandscapeRight";
				LD_RUNPATH_SEARCH_PATHS = (
					"$(inherited)",
					"@executable_path/Frameworks",
				);
				MARKETING_VERSION = 1.0;
				PRODUCT_BUNDLE_IDENTIFIER = zhangxiaodong.SimpleLedger;
				PRODUCT_NAME = "$(TARGET_NAME)";
				PROVISIONING_PROFILE_SPECIFIER = "";
				SWIFT_EMIT_LOC_STRINGS = YES;
				SWIFT_VERSION = 5.0;
				TARGETED_DEVICE_FAMILY = "1,2";
			};
			name = Debug;
		};
		518E00CA2B200055002226F0 /* Release */ = {
			isa = XCBuildConfiguration;
			baseConfigurationReference = AB9123D18E460206E2377712 /* Pods-SimpleLedger.release.xcconfig */;
			buildSettings = {
				ASSETCATALOG_COMPILER_APPICON_NAME = AppIcon;
				ASSETCATALOG_COMPILER_GLOBAL_ACCENT_COLOR_NAME = AccentColor;
				CODE_SIGN_ENTITLEMENTS = SimpleLedger/SimpleLedger.entitlements;
				CODE_SIGN_IDENTITY = "Apple Development";
				CODE_SIGN_STYLE = Automatic;
				CURRENT_PROJECT_VERSION = 1;
				DEVELOPMENT_ASSET_PATHS = "\"SimpleLedger/Preview Content\"";
				DEVELOPMENT_TEAM = WQWH45BJP4;
				ENABLE_PREVIEWS = YES;
				GENERATE_INFOPLIST_FILE = YES;
				INFOPLIST_FILE = SimpleLedger/Info.plist;
				INFOPLIST_KEY_UIApplicationSupportsIndirectInputEvents = YES;
				INFOPLIST_KEY_UILaunchScreen_Generation = YES;
				INFOPLIST_KEY_UISupportedInterfaceOrientations_iPad = "UIInterfaceOrientationPortrait UIInterfaceOrientationPortraitUpsideDown UIInterfaceOrientationLandscapeLeft UIInterfaceOrientationLandscapeRight";
				INFOPLIST_KEY_UISupportedInterfaceOrientations_iPhone = "UIInterfaceOrientationPortrait UIInterfaceOrientationLandscapeLeft UIInterfaceOrientationLandscapeRight";
				LD_RUNPATH_SEARCH_PATHS = (
					"$(inherited)",
					"@executable_path/Frameworks",
				);
				MARKETING_VERSION = 1.0;
				PRODUCT_BUNDLE_IDENTIFIER = zhangxiaodong.SimpleLedger;
				PRODUCT_NAME = "$(TARGET_NAME)";
				PROVISIONING_PROFILE_SPECIFIER = "";
				SWIFT_EMIT_LOC_STRINGS = YES;
				SWIFT_VERSION = 5.0;
				TARGETED_DEVICE_FAMILY = "1,2";
			};
			name = Release;
		};
/* End XCBuildConfiguration section */

/* Begin XCConfigurationList section */
		518E00B52B200052002226F0 /* Build configuration list for PBXProject "SimpleLedger" */ = {
			isa = XCConfigurationList;
			buildConfigurations = (
				518E00C62B200055002226F0 /* Debug */,
				518E00C72B200055002226F0 /* Release */,
			);
			defaultConfigurationIsVisible = 0;
			defaultConfigurationName = Release;
		};
		518E00C82B200055002226F0 /* Build configuration list for PBXNativeTarget "SimpleLedger" */ = {
			isa = XCConfigurationList;
			buildConfigurations = (
				518E00C92B200055002226F0 /* Debug */,
				518E00CA2B200055002226F0 /* Release */,
			);
			defaultConfigurationIsVisible = 0;
			defaultConfigurationName = Release;
		};
/* End XCConfigurationList section */

/* Begin XCVersionGroup section */
		51AB2F572B283D2100BCBB67 /* MyCoreData.xcdatamodeld */ = {
			isa = XCVersionGroup;
			children = (
				51AB2F582B283D2100BCBB67 /* MyCoreData.xcdatamodel */,
			);
			currentVersion = 51AB2F582B283D2100BCBB67 /* MyCoreData.xcdatamodel */;
			path = MyCoreData.xcdatamodeld;
			sourceTree = "<group>";
			versionGroupType = wrapper.xcdatamodel;
		};
/* End XCVersionGroup section */
	};
	rootObject = 518E00B22B200052002226F0 /* Project object */;
}
